
Microsoft Visual Studio Solution File, Format Version 12.00
# Visual Studio Version 17
VisualStudioVersion = 17.2.32630.192
MinimumVisualStudioVersion = 10.0.40219.1
Project("{9A19103F-16F7-4668-BE54-9A1E7A4F7556}") = "Models", "Models\Models.csproj", "{8B288E54-4427-49A6-9B29-8D445E8C7D53}"
EndProject
Project("{9A19103F-16F7-4668-BE54-9A1E7A4F7556}") = "DataAccessLayer", "DataAccessLayer\DataAccessLayer.csproj", "{100FCBC9-5EEB-4546-9CC4-E8C88070B2F6}"
EndProject
Project("{9A19103F-16F7-4668-BE54-9A1E7A4F7556}") = "Business", "Business\Business.csproj", "{899BB407-DDC0-440E-AAB0-0143E0D9BBA2}"
EndProject
Project("{FAE04EC0-301F-11D3-BF4B-00C04F79EFBC}") = "API", "API\API.csproj", "{3AD1D4C4-F1D6-456E-A61D-115B550650B2}"
EndProject
Project("{FAE04EC0-301F-11D3-BF4B-00C04F79EFBC}") = "DTO", "DTO\DTO.csproj", "{91BCB039-59EF-4ADE-817D-939178C31D32}"
EndProject
Global
	GlobalSection(SolutionConfigurationPlatforms) = preSolution
		Debug|Any CPU = Debug|Any CPU
		Release|Any CPU = Release|Any CPU
	EndGlobalSection
	GlobalSection(ProjectConfigurationPlatforms) = postSolution
		{8B288E54-4427-49A6-9B29-8D445E8C7D53}.Debug|Any CPU.ActiveCfg = Debug|Any CPU
		{8B288E54-4427-49A6-9B29-8D445E8C7D53}.Debug|Any CPU.Build.0 = Debug|Any CPU
		{8B288E54-4427-49A6-9B29-8D445E8C7D53}.Release|Any CPU.ActiveCfg = Release|Any CPU
		{8B288E54-4427-49A6-9B29-8D445E8C7D53}.Release|Any CPU.Build.0 = Release|Any CPU
		{100FCBC9-5EEB-4546-9CC4-E8C88070B2F6}.Debug|Any CPU.ActiveCfg = Debug|Any CPU
		{100FCBC9-5EEB-4546-9CC4-E8C88070B2F6}.Debug|Any CPU.Build.0 = Debug|Any CPU
		{100FCBC9-5EEB-4546-9CC4-E8C88070B2F6}.Release|Any CPU.ActiveCfg = Release|Any CPU
		{100FCBC9-5EEB-4546-9CC4-E8C88070B2F6}.Release|Any CPU.Build.0 = Release|Any CPU
		{899BB407-DDC0-440E-AAB0-0143E0D9BBA2}.Debug|Any CPU.ActiveCfg = Debug|Any CPU
		{899BB407-DDC0-440E-AAB0-0143E0D9BBA2}.Debug|Any CPU.Build.0 = Debug|Any CPU
		{899BB407-DDC0-440E-AAB0-0143E0D9BBA2}.Release|Any CPU.ActiveCfg = Release|Any CPU
		{899BB407-DDC0-440E-AAB0-0143E0D9BBA2}.Release|Any CPU.Build.0 = Release|Any CPU
		{3AD1D4C4-F1D6-456E-A61D-115B550650B2}.Debug|Any CPU.ActiveCfg = Debug|Any CPU
		{3AD1D4C4-F1D6-456E-A61D-115B550650B2}.Debug|Any CPU.Build.0 = Debug|Any CPU
		{3AD1D4C4-F1D6-456E-A61D-115B550650B2}.Release|Any CPU.ActiveCfg = Release|Any CPU
		{3AD1D4C4-F1D6-456E-A61D-115B550650B2}.Release|Any CPU.Build.0 = Release|Any CPU
		{91BCB039-59EF-4ADE-817D-939178C31D32}.Debug|Any CPU.ActiveCfg = Debug|Any CPU
		{91BCB039-59EF-4ADE-817D-939178C31D32}.Debug|Any CPU.Build.0 = Debug|Any CPU
		{91BCB039-59EF-4ADE-817D-939178C31D32}.Release|Any CPU.ActiveCfg = Release|Any CPU
		{91BCB039-59EF-4ADE-817D-939178C31D32}.Release|Any CPU.Build.0 = Release|Any CPU
	EndGlobalSection
	GlobalSection(SolutionProperties) = preSolution
		HideSolutionNode = FALSE
	EndGlobalSection
	GlobalSection(ExtensibilityGlobals) = postSolution
		SolutionGuid = {F41FE2B0-2185-4F88-A304-D606E3EA79CE}
	EndGlobalSection
EndGlobal
